// !$*UTF8*$!
{
	archiveVersion = 1;
	classes = {
	};
	objectVersion = 50;
	objects = {

/* Begin PBXBuildFile section */
		8E31395023D5D94900552D50 /* AppDelegate.m in Sources */ = {isa = PBXBuildFile; fileRef = 8E31394F23D5D94900552D50 /* AppDelegate.m */; };
		8E31395323D5D94900552D50 /* SceneDelegate.m in Sources */ = {isa = PBXBuildFile; fileRef = 8E31395223D5D94900552D50 /* SceneDelegate.m */; };
		8E31395623D5D94900552D50 /* ViewController.m in Sources */ = {isa = PBXBuildFile; fileRef = 8E31395523D5D94900552D50 /* ViewController.m */; };
		8E31395923D5D94900552D50 /* Main.storyboard in Resources */ = {isa = PBXBuildFile; fileRef = 8E31395723D5D94900552D50 /* Main.storyboard */; };
		8E31395B23D5D94D00552D50 /* Assets.xcassets in Resources */ = {isa = PBXBuildFile; fileRef = 8E31395A23D5D94D00552D50 /* Assets.xcassets */; };
		8E31395E23D5D94D00552D50 /* LaunchScreen.storyboard in Resources */ = {isa = PBXBuildFile; fileRef = 8E31395C23D5D94D00552D50 /* LaunchScreen.storyboard */; };
		8E31396123D5D94D00552D50 /* main.m in Sources */ = {isa = PBXBuildFile; fileRef = 8E31396023D5D94D00552D50 /* main.m */; };
		8E31396B23D5D94D00552D50 /* Labb3TodoListTests.m in Sources */ = {isa = PBXBuildFile; fileRef = 8E31396A23D5D94D00552D50 /* Labb3TodoListTests.m */; };
		8E31397623D5D94D00552D50 /* Labb3TodoListUITests.m in Sources */ = {isa = PBXBuildFile; fileRef = 8E31397523D5D94D00552D50 /* Labb3TodoListUITests.m */; };
		8E31398823D5EB7600552D50 /* addNewTodoViewController.m in Sources */ = {isa = PBXBuildFile; fileRef = 8E31398723D5EB7600552D50 /* addNewTodoViewController.m */; };
/* End PBXBuildFile section */

/* Begin PBXContainerItemProxy section */
		8E31396723D5D94D00552D50 /* PBXContainerItemProxy */ = {
			isa = PBXContainerItemProxy;
			containerPortal = 8E31394323D5D94900552D50 /* Project object */;
			proxyType = 1;
			remoteGlobalIDString = 8E31394A23D5D94900552D50;
			remoteInfo = Labb3TodoList;
		};
		8E31397223D5D94D00552D50 /* PBXContainerItemProxy */ = {
			isa = PBXContainerItemProxy;
			containerPortal = 8E31394323D5D94900552D50 /* Project object */;
			proxyType = 1;
			remoteGlobalIDString = 8E31394A23D5D94900552D50;
			remoteInfo = Labb3TodoList;
		};
/* End PBXContainerItemProxy section */

/* Begin PBXFileReference section */
		8E31394B23D5D94900552D50 /* Labb3TodoList.app */ = {isa = PBXFileReference; explicitFileType = wrapper.application; includeInIndex = 0; path = Labb3TodoList.app; sourceTree = BUILT_PRODUCTS_DIR; };
		8E31394E23D5D94900552D50 /* AppDelegate.h */ = {isa = PBXFileReference; lastKnownFileType = sourcecode.c.h; path = AppDelegate.h; sourceTree = "<group>"; };
		8E31394F23D5D94900552D50 /* AppDelegate.m */ = {isa = PBXFileReference; lastKnownFileType = sourcecode.c.objc; path = AppDelegate.m; sourceTree = "<group>"; };
		8E31395123D5D94900552D50 /* SceneDelegate.h */ = {isa = PBXFileReference; lastKnownFileType = sourcecode.c.h; path = SceneDelegate.h; sourceTree = "<group>"; };
		8E31395223D5D94900552D50 /* SceneDelegate.m */ = {isa = PBXFileReference; lastKnownFileType = sourcecode.c.objc; path = SceneDelegate.m; sourceTree = "<group>"; };
		8E31395423D5D94900552D50 /* ViewController.h */ = {isa = PBXFileReference; lastKnownFileType = sourcecode.c.h; path = ViewController.h; sourceTree = "<group>"; };
		8E31395523D5D94900552D50 /* ViewController.m */ = {isa = PBXFileReference; lastKnownFileType = sourcecode.c.objc; path = ViewController.m; sourceTree = "<group>"; };
		8E31395823D5D94900552D50 /* Base */ = {isa = PBXFileReference; lastKnownFileType = file.storyboard; name = Base; path = Base.lproj/Main.storyboard; sourceTree = "<group>"; };
		8E31395A23D5D94D00552D50 /* Assets.xcassets */ = {isa = PBXFileReference; lastKnownFileType = folder.assetcatalog; path = Assets.xcassets; sourceTree = "<group>"; };
		8E31395D23D5D94D00552D50 /* Base */ = {isa = PBXFileReference; lastKnownFileType = file.storyboard; name = Base; path = Base.lproj/LaunchScreen.storyboard; sourceTree = "<group>"; };
		8E31395F23D5D94D00552D50 /* Info.plist */ = {isa = PBXFileReference; lastKnownFileType = text.plist.xml; path = Info.plist; sourceTree = "<group>"; };
		8E31396023D5D94D00552D50 /* main.m */ = {isa = PBXFileReference; lastKnownFileType = sourcecode.c.objc; path = main.m; sourceTree = "<group>"; };
		8E31396623D5D94D00552D50 /* Labb3TodoListTests.xctest */ = {isa = PBXFileReference; explicitFileType = wrapper.cfbundle; includeInIndex = 0; path = Labb3TodoListTests.xctest; sourceTree = BUILT_PRODUCTS_DIR; };
		8E31396A23D5D94D00552D50 /* Labb3TodoListTests.m */ = {isa = PBXFileReference; lastKnownFileType = sourcecode.c.objc; path = Labb3TodoListTests.m; sourceTree = "<group>"; };
		8E31396C23D5D94D00552D50 /* Info.plist */ = {isa = PBXFileReference; lastKnownFileType = text.plist.xml; path = Info.plist; sourceTree = "<group>"; };
		8E31397123D5D94D00552D50 /* Labb3TodoListUITests.xctest */ = {isa = PBXFileReference; explicitFileType = wrapper.cfbundle; includeInIndex = 0; path = Labb3TodoListUITests.xctest; sourceTree = BUILT_PRODUCTS_DIR; };
		8E31397523D5D94D00552D50 /* Labb3TodoListUITests.m */ = {isa = PBXFileReference; lastKnownFileType = sourcecode.c.objc; path = Labb3TodoListUITests.m; sourceTree = "<group>"; };
		8E31397723D5D94D00552D50 /* Info.plist */ = {isa = PBXFileReference; lastKnownFileType = text.plist.xml; path = Info.plist; sourceTree = "<group>"; };
		8E31398623D5EB7600552D50 /* addNewTodoViewController.h */ = {isa = PBXFileReference; lastKnownFileType = sourcecode.c.h; path = addNewTodoViewController.h; sourceTree = "<group>"; };
		8E31398723D5EB7600552D50 /* addNewTodoViewController.m */ = {isa = PBXFileReference; lastKnownFileType = sourcecode.c.objc; path = addNewTodoViewController.m; sourceTree = "<group>"; };
/* End PBXFileReference section */

/* Begin PBXFrameworksBuildPhase section */
		8E31394823D5D94900552D50 /* Frameworks */ = {
			isa = PBXFrameworksBuildPhase;
			buildActionMask = 2147483647;
			files = (
			);
			runOnlyForDeploymentPostprocessing = 0;
		};
		8E31396323D5D94D00552D50 /* Frameworks */ = {
			isa = PBXFrameworksBuildPhase;
			buildActionMask = 2147483647;
			files = (
			);
			runOnlyForDeploymentPostprocessing = 0;
		};
		8E31396E23D5D94D00552D50 /* Frameworks */ = {
			isa = PBXFrameworksBuildPhase;
			buildActionMask = 2147483647;
			files = (
			);
			runOnlyForDeploymentPostprocessing = 0;
		};
/* End PBXFrameworksBuildPhase section */

/* Begin PBXGroup section */
		8E31394223D5D94900552D50 = {
			isa = PBXGroup;
			children = (
				8E31394D23D5D94900552D50 /* Labb3TodoList */,
				8E31396923D5D94D00552D50 /* Labb3TodoListTests */,
				8E31397423D5D94D00552D50 /* Labb3TodoListUITests */,
				8E31394C23D5D94900552D50 /* Products */,
			);
			sourceTree = "<group>";
		};
		8E31394C23D5D94900552D50 /* Products */ = {
			isa = PBXGroup;
			children = (
				8E31394B23D5D94900552D50 /* Labb3TodoList.app */,
				8E31396623D5D94D00552D50 /* Labb3TodoListTests.xctest */,
				8E31397123D5D94D00552D50 /* Labb3TodoListUITests.xctest */,
			);
			name = Products;
			sourceTree = "<group>";
		};
		8E31394D23D5D94900552D50 /* Labb3TodoList */ = {
			isa = PBXGroup;
			children = (
				8E31398623D5EB7600552D50 /* addNewTodoViewController.h */,
				8E31398723D5EB7600552D50 /* addNewTodoViewController.m */,
				8E31394E23D5D94900552D50 /* AppDelegate.h */,
				8E31394F23D5D94900552D50 /* AppDelegate.m */,
				8E31395123D5D94900552D50 /* SceneDelegate.h */,
				8E31395223D5D94900552D50 /* SceneDelegate.m */,
				8E31395423D5D94900552D50 /* ViewController.h */,
				8E31395523D5D94900552D50 /* ViewController.m */,
				8E31395723D5D94900552D50 /* Main.storyboard */,
				8E31395A23D5D94D00552D50 /* Assets.xcassets */,
				8E31395C23D5D94D00552D50 /* LaunchScreen.storyboard */,
				8E31395F23D5D94D00552D50 /* Info.plist */,
				8E31396023D5D94D00552D50 /* main.m */,
			);
			path = Labb3TodoList;
			sourceTree = "<group>";
		};
		8E31396923D5D94D00552D50 /* Labb3TodoListTests */ = {
			isa = PBXGroup;
			children = (
				8E31396A23D5D94D00552D50 /* Labb3TodoListTests.m */,
				8E31396C23D5D94D00552D50 /* Info.plist */,
			);
			path = Labb3TodoListTests;
			sourceTree = "<group>";
		};
		8E31397423D5D94D00552D50 /* Labb3TodoListUITests */ = {
			isa = PBXGroup;
			children = (
				8E31397523D5D94D00552D50 /* Labb3TodoListUITests.m */,
				8E31397723D5D94D00552D50 /* Info.plist */,
			);
			path = Labb3TodoListUITests;
			sourceTree = "<group>";
		};
/* End PBXGroup section */

/* Begin PBXNativeTarget section */
		8E31394A23D5D94900552D50 /* Labb3TodoList */ = {
			isa = PBXNativeTarget;
			buildConfigurationList = 8E31397A23D5D94D00552D50 /* Build configuration list for PBXNativeTarget "Labb3TodoList" */;
			buildPhases = (
				8E31394723D5D94900552D50 /* Sources */,
				8E31394823D5D94900552D50 /* Frameworks */,
				8E31394923D5D94900552D50 /* Resources */,
			);
			buildRules = (
			);
			dependencies = (
			);
			name = Labb3TodoList;
			productName = Labb3TodoList;
			productReference = 8E31394B23D5D94900552D50 /* Labb3TodoList.app */;
			productType = "com.apple.product-type.application";
		};
		8E31396523D5D94D00552D50 /* Labb3TodoListTests */ = {
			isa = PBXNativeTarget;
			buildConfigurationList = 8E31397D23D5D94D00552D50 /* Build configuration list for PBXNativeTarget "Labb3TodoListTests" */;
			buildPhases = (
				8E31396223D5D94D00552D50 /* Sources */,
				8E31396323D5D94D00552D50 /* Frameworks */,
				8E31396423D5D94D00552D50 /* Resources */,
			);
			buildRules = (
			);
			dependencies = (
				8E31396823D5D94D00552D50 /* PBXTargetDependency */,
			);
			name = Labb3TodoListTests;
			productName = Labb3TodoListTests;
			productReference = 8E31396623D5D94D00552D50 /* Labb3TodoListTests.xctest */;
			productType = "com.apple.product-type.bundle.unit-test";
		};
		8E31397023D5D94D00552D50 /* Labb3TodoListUITests */ = {
			isa = PBXNativeTarget;
			buildConfigurationList = 8E31398023D5D94D00552D50 /* Build configuration list for PBXNativeTarget "Labb3TodoListUITests" */;
			buildPhases = (
				8E31396D23D5D94D00552D50 /* Sources */,
				8E31396E23D5D94D00552D50 /* Frameworks */,
				8E31396F23D5D94D00552D50 /* Resources */,
			);
			buildRules = (
			);
			dependencies = (
				8E31397323D5D94D00552D50 /* PBXTargetDependency */,
			);
			name = Labb3TodoListUITests;
			productName = Labb3TodoListUITests;
			productReference = 8E31397123D5D94D00552D50 /* Labb3TodoListUITests.xctest */;
			productType = "com.apple.product-type.bundle.ui-testing";
		};
/* End PBXNativeTarget section */

/* Begin PBXProject section */
		8E31394323D5D94900552D50 /* Project object */ = {
			isa = PBXProject;
			attributes = {
				LastUpgradeCheck = 1120;
				ORGANIZATIONNAME = "Henrik Doré";
				TargetAttributes = {
					8E31394A23D5D94900552D50 = {
						CreatedOnToolsVersion = 11.2.1;
					};
					8E31396523D5D94D00552D50 = {
						CreatedOnToolsVersion = 11.2.1;
						TestTargetID = 8E31394A23D5D94900552D50;
					};
					8E31397023D5D94D00552D50 = {
						CreatedOnToolsVersion = 11.2.1;
						TestTargetID = 8E31394A23D5D94900552D50;
					};
				};
			};
			buildConfigurationList = 8E31394623D5D94900552D50 /* Build configuration list for PBXProject "Labb3TodoList" */;
			compatibilityVersion = "Xcode 9.3";
			developmentRegion = en;
			hasScannedForEncodings = 0;
			knownRegions = (
				en,
				Base,
			);
			mainGroup = 8E31394223D5D94900552D50;
			productRefGroup = 8E31394C23D5D94900552D50 /* Products */;
			projectDirPath = "";
			projectRoot = "";
			targets = (
				8E31394A23D5D94900552D50 /* Labb3TodoList */,
				8E31396523D5D94D00552D50 /* Labb3TodoListTests */,
				8E31397023D5D94D00552D50 /* Labb3TodoListUITests */,
			);
		};
/* End PBXProject section */

/* Begin PBXResourcesBuildPhase section */
		8E31394923D5D94900552D50 /* Resources */ = {
			isa = PBXResourcesBuildPhase;
			buildActionMask = 2147483647;
			files = (
				8E31395E23D5D94D00552D50 /* LaunchScreen.storyboard in Resources */,
				8E31395B23D5D94D00552D50 /* Assets.xcassets in Resources */,
				8E31395923D5D94900552D50 /* Main.storyboard in Resources */,
			);
			runOnlyForDeploymentPostprocessing = 0;
		};
		8E31396423D5D94D00552D50 /* Resources */ = {
			isa = PBXResourcesBuildPhase;
			buildActionMask = 2147483647;
			files = (
			);
			runOnlyForDeploymentPostprocessing = 0;
		};
		8E31396F23D5D94D00552D50 /* Resources */ = {
			isa = PBXResourcesBuildPhase;
			buildActionMask = 2147483647;
			files = (
			);
			runOnlyForDeploymentPostprocessing = 0;
		};
/* End PBXResourcesBuildPhase section */

/* Begin PBXSourcesBuildPhase section */
		8E31394723D5D94900552D50 /* Sources */ = {
			isa = PBXSourcesBuildPhase;
			buildActionMask = 2147483647;
			files = (
				8E31398823D5EB7600552D50 /* addNewTodoViewController.m in Sources */,
				8E31395623D5D94900552D50 /* ViewController.m in Sources */,
				8E31395023D5D94900552D50 /* AppDelegate.m in Sources */,
				8E31396123D5D94D00552D50 /* main.m in Sources */,
				8E31395323D5D94900552D50 /* SceneDelegate.m in Sources */,
			);
			runOnlyForDeploymentPostprocessing = 0;
		};
		8E31396223D5D94D00552D50 /* Sources */ = {
			isa = PBXSourcesBuildPhase;
			buildActionMask = 2147483647;
			files = (
				8E31396B23D5D94D00552D50 /* Labb3TodoListTests.m in Sources */,
			);
			runOnlyForDeploymentPostprocessing = 0;
		};
		8E31396D23D5D94D00552D50 /* Sources */ = {
			isa = PBXSourcesBuildPhase;
			buildActionMask = 2147483647;
			files = (
				8E31397623D5D94D00552D50 /* Labb3TodoListUITests.m in Sources */,
			);
			runOnlyForDeploymentPostprocessing = 0;
		};
/* End PBXSourcesBuildPhase section */

/* Begin PBXTargetDependency section */
		8E31396823D5D94D00552D50 /* PBXTargetDependency */ = {
			isa = PBXTargetDependency;
			target = 8E31394A23D5D94900552D50 /* Labb3TodoList */;
			targetProxy = 8E31396723D5D94D00552D50 /* PBXContainerItemProxy */;
		};
		8E31397323D5D94D00552D50 /* PBXTargetDependency */ = {
			isa = PBXTargetDependency;
			target = 8E31394A23D5D94900552D50 /* Labb3TodoList */;
			targetProxy = 8E31397223D5D94D00552D50 /* PBXContainerItemProxy */;
		};
/* End PBXTargetDependency section */

/* Begin PBXVariantGroup section */
		8E31395723D5D94900552D50 /* Main.storyboard */ = {
			isa = PBXVariantGroup;
			children = (
				8E31395823D5D94900552D50 /* Base */,
			);
			name = Main.storyboard;
			sourceTree = "<group>";
		};
		8E31395C23D5D94D00552D50 /* LaunchScreen.storyboard */ = {
			isa = PBXVariantGroup;
			children = (
				8E31395D23D5D94D00552D50 /* Base */,
			);
			name = LaunchScreen.storyboard;
			sourceTree = "<group>";
		};
/* End PBXVariantGroup section */

/* Begin XCBuildConfiguration section */
		8E31397823D5D94D00552D50 /* Debug */ = {
			isa = XCBuildConfiguration;
			buildSettings = {
				ALWAYS_SEARCH_USER_PATHS = NO;
				CLANG_ANALYZER_NONNULL = YES;
				CLANG_ANALYZER_NUMBER_OBJECT_CONVERSION = YES_AGGRESSIVE;
				CLANG_CXX_LANGUAGE_STANDARD = "gnu++14";
				CLANG_CXX_LIBRARY = "libc++";
				CLANG_ENABLE_MODULES = YES;
				CLANG_ENABLE_OBJC_ARC = YES;
				CLANG_ENABLE_OBJC_WEAK = YES;
				CLANG_WARN_BLOCK_CAPTURE_AUTORELEASING = YES;
				CLANG_WARN_BOOL_CONVERSION = YES;
				CLANG_WARN_COMMA = YES;
				CLANG_WARN_CONSTANT_CONVERSION = YES;
				CLANG_WARN_DEPRECATED_OBJC_IMPLEMENTATIONS = YES;
				CLANG_WARN_DIRECT_OBJC_ISA_USAGE = YES_ERROR;
				CLANG_WARN_DOCUMENTATION_COMMENTS = YES;
				CLANG_WARN_EMPTY_BODY = YES;
				CLANG_WARN_ENUM_CONVERSION = YES;
				CLANG_WARN_INFINITE_RECURSION = YES;
				CLANG_WARN_INT_CONVERSION = YES;
				CLANG_WARN_NON_LITERAL_NULL_CONVERSION = YES;
				CLANG_WARN_OBJC_IMPLICIT_RETAIN_SELF = YES;
				CLANG_WARN_OBJC_LITERAL_CONVERSION = YES;
				CLANG_WARN_OBJC_ROOT_CLASS = YES_ERROR;
				CLANG_WARN_RANGE_LOOP_ANALYSIS = YES;
				CLANG_WARN_STRICT_PROTOTYPES = YES;
				CLANG_WARN_SUSPICIOUS_MOVE = YES;
				CLANG_WARN_UNGUARDED_AVAILABILITY = YES_AGGRESSIVE;
				CLANG_WARN_UNREACHABLE_CODE = YES;
				CLANG_WARN__DUPLICATE_METHOD_MATCH = YES;
				COPY_PHASE_STRIP = NO;
				DEBUG_INFORMATION_FORMAT = dwarf;
				ENABLE_STRICT_OBJC_MSGSEND = YES;
				ENABLE_TESTABILITY = YES;
				GCC_C_LANGUAGE_STANDARD = gnu11;
				GCC_DYNAMIC_NO_PIC = NO;
				GCC_NO_COMMON_BLOCKS = YES;
				GCC_OPTIMIZATION_LEVEL = 0;
				GCC_PREPROCESSOR_DEFINITIONS = (
					"DEBUG=1",
					"$(inherited)",
				);
				GCC_WARN_64_TO_32_BIT_CONVERSION = YES;
				GCC_WARN_ABOUT_RETURN_TYPE = YES_ERROR;
				GCC_WARN_UNDECLARED_SELECTOR = YES;
				GCC_WARN_UNINITIALIZED_AUTOS = YES_AGGRESSIVE;
				GCC_WARN_UNUSED_FUNCTION = YES;
				GCC_WARN_UNUSED_VARIABLE = YES;
				IPHONEOS_DEPLOYMENT_TARGET = 13.2;
				MTL_ENABLE_DEBUG_INFO = INCLUDE_SOURCE;
				MTL_FAST_MATH = YES;
				ONLY_ACTIVE_ARCH = YES;
				SDKROOT = iphoneos;
			};
			name = Debug;
		};
		8E31397923D5D94D00552D50 /* Release */ = {
			isa = XCBuildConfiguration;
			buildSettings = {
				ALWAYS_SEARCH_USER_PATHS = NO;
				CLANG_ANALYZER_NONNULL = YES;
				CLANG_ANALYZER_NUMBER_OBJECT_CONVERSION = YES_AGGRESSIVE;
				CLANG_CXX_LANGUAGE_STANDARD = "gnu++14";
				CLANG_CXX_LIBRARY = "libc++";
				CLANG_ENABLE_MODULES = YES;
				CLANG_ENABLE_OBJC_ARC = YES;
				CLANG_ENABLE_OBJC_WEAK = YES;
				CLANG_WARN_BLOCK_CAPTURE_AUTORELEASING = YES;
				CLANG_WARN_BOOL_CONVERSION = YES;
				CLANG_WARN_COMMA = YES;
				CLANG_WARN_CONSTANT_CONVERSION = YES;
				CLANG_WARN_DEPRECATED_OBJC_IMPLEMENTATIONS = YES;
				CLANG_WARN_DIRECT_OBJC_ISA_USAGE = YES_ERROR;
				CLANG_WARN_DOCUMENTATION_COMMENTS = YES;
				CLANG_WARN_EMPTY_BODY = YES;
				CLANG_WARN_ENUM_CONVERSION = YES;
				CLANG_WARN_INFINITE_RECURSION = YES;
				CLANG_WARN_INT_CONVERSION = YES;
				CLANG_WARN_NON_LITERAL_NULL_CONVERSION = YES;
				CLANG_WARN_OBJC_IMPLICIT_RETAIN_SELF = YES;
				CLANG_WARN_OBJC_LITERAL_CONVERSION = YES;
				CLANG_WARN_OBJC_ROOT_CLASS = YES_ERROR;
				CLANG_WARN_RANGE_LOOP_ANALYSIS = YES;
				CLANG_WARN_STRICT_PROTOTYPES = YES;
				CLANG_WARN_SUSPICIOUS_MOVE = YES;
				CLANG_WARN_UNGUARDED_AVAILABILITY = YES_AGGRESSIVE;
				CLANG_WARN_UNREACHABLE_CODE = YES;
				CLANG_WARN__DUPLICATE_METHOD_MATCH = YES;
				COPY_PHASE_STRIP = NO;
				DEBUG_INFORMATION_FORMAT = "dwarf-with-dsym";
				ENABLE_NS_ASSERTIONS = NO;
				ENABLE_STRICT_OBJC_MSGSEND = YES;
				GCC_C_LANGUAGE_STANDARD = gnu11;
				GCC_NO_COMMON_BLOCKS = YES;
				GCC_WARN_64_TO_32_BIT_CONVERSION = YES;
				GCC_WARN_ABOUT_RETURN_TYPE = YES_ERROR;
				GCC_WARN_UNDECLARED_SELECTOR = YES;
				GCC_WARN_UNINITIALIZED_AUTOS = YES_AGGRESSIVE;
				GCC_WARN_UNUSED_FUNCTION = YES;
				GCC_WARN_UNUSED_VARIABLE = YES;
				IPHONEOS_DEPLOYMENT_TARGET = 13.2;
				MTL_ENABLE_DEBUG_INFO = NO;
				MTL_FAST_MATH = YES;
				SDKROOT = iphoneos;
				VALIDATE_PRODUCT = YES;
			};
			name = Release;
		};
		8E31397B23D5D94D00552D50 /* Debug */ = {
			isa = XCBuildConfiguration;
			buildSettings = {
				ASSETCATALOG_COMPILER_APPICON_NAME = AppIcon;
				CODE_SIGN_STYLE = Automatic;
				DEVELOPMENT_TEAM = TTAWR9TQMD;
				INFOPLIST_FILE = Labb3TodoList/Info.plist;
				IPHONEOS_DEPLOYMENT_TARGET = 13.1;
				LD_RUNPATH_SEARCH_PATHS = (
					"$(inherited)",
					"@executable_path/Frameworks",
				);
				PRODUCT_BUNDLE_IDENTIFIER = com.HenrikDore.Labb3TodoList;
				PRODUCT_NAME = "$(TARGET_NAME)";
				TARGETED_DEVICE_FAMILY = "1,2";
			};
			name = Debug;
		};
		8E31397C23D5D94D00552D50 /* Release */ = {
			isa = XCBuildConfiguration;
			buildSettings = {
				ASSETCATALOG_COMPILER_APPICON_NAME = AppIcon;
				CODE_SIGN_STYLE = Automatic;
				DEVELOPMENT_TEAM = TTAWR9TQMD;
				INFOPLIST_FILE = Labb3TodoList/Info.plist;
				IPHONEOS_DEPLOYMENT_TARGET = 13.1;
				LD_RUNPATH_SEARCH_PATHS = (
					"$(inherited)",
					"@executable_path/Frameworks",
				);
				PRODUCT_BUNDLE_IDENTIFIER = com.HenrikDore.Labb3TodoList;
				PRODUCT_NAME = "$(TARGET_NAME)";
				TARGETED_DEVICE_FAMILY = "1,2";
			};
			name = Release;
		};
		8E31397E23D5D94D00552D50 /* Debug */ = {
			isa = XCBuildConfiguration;
			buildSettings = {
				BUNDLE_LOADER = "$(TEST_HOST)";
				CODE_SIGN_STYLE = Automatic;
				DEVELOPMENT_TEAM = TTAWR9TQMD;
				INFOPLIST_FILE = Labb3TodoListTests/Info.plist;
				IPHONEOS_DEPLOYMENT_TARGET = 13.2;
				LD_RUNPATH_SEARCH_PATHS = (
					"$(inherited)",
					"@executable_path/Frameworks",
					"@loader_path/Frameworks",
				);
				PRODUCT_BUNDLE_IDENTIFIER = com.HenrikDore.Labb3TodoListTests;
				PRODUCT_NAME = "$(TARGET_NAME)";
				TARGETED_DEVICE_FAMILY = "1,2";
				TEST_HOST = "$(BUILT_PRODUCTS_DIR)/Labb3TodoList.app/Labb3TodoList";
			};
			name = Debug;
		};
		8E31397F23D5D94D00552D50 /* Release */ = {
			isa = XCBuildConfiguration;
			buildSettings = {
				BUNDLE_LOADER = "$(TEST_HOST)";
				CODE_SIGN_STYLE = Automatic;
				DEVELOPMENT_TEAM = TTAWR9TQMD;
				INFOPLIST_FILE = Labb3TodoListTests/Info.plist;
				IPHONEOS_DEPLOYMENT_TARGET = 13.2;
				LD_RUNPATH_SEARCH_PATHS = (
					"$(inherited)",
					"@executable_path/Frameworks",
					"@loader_path/Frameworks",
				);
				PRODUCT_BUNDLE_IDENTIFIER = com.HenrikDore.Labb3TodoListTests;
				PRODUCT_NAME = "$(TARGET_NAME)";
				TARGETED_DEVICE_FAMILY = "1,2";
				TEST_HOST = "$(BUILT_PRODUCTS_DIR)/Labb3TodoList.app/Labb3TodoList";
			};
			name = Release;
		};
		8E31398123D5D94D00552D50 /* Debug */ = {
			isa = XCBuildConfiguration;
			buildSettings = {
				CODE_SIGN_STYLE = Automatic;
				DEVELOPMENT_TEAM = TTAWR9TQMD;
				INFOPLIST_FILE = Labb3TodoListUITests/Info.plist;
				LD_RUNPATH_SEARCH_PATHS = (
					"$(inherited)",
					"@executable_path/Frameworks",
					"@loader_path/Frameworks",
				);
				PRODUCT_BUNDLE_IDENTIFIER = com.HenrikDore.Labb3TodoListUITests;
				PRODUCT_NAME = "$(TARGET_NAME)";
				TARGETED_DEVICE_FAMILY = "1,2";
				TEST_TARGET_NAME = Labb3TodoList;
			};
			name = Debug;
		};
		8E31398223D5D94D00552D50 /* Release */ = {
			isa = XCBuildConfiguration;
			buildSettings = {
				CODE_SIGN_STYLE = Automatic;
				DEVELOPMENT_TEAM = TTAWR9TQMD;
				INFOPLIST_FILE = Labb3TodoListUITests/Info.plist;
				LD_RUNPATH_SEARCH_PATHS = (
					"$(inherited)",
					"@executable_path/Frameworks",
					"@loader_path/Frameworks",
				);
				PRODUCT_BUNDLE_IDENTIFIER = com.HenrikDore.Labb3TodoListUITests;
				PRODUCT_NAME = "$(TARGET_NAME)";
				TARGETED_DEVICE_FAMILY = "1,2";
				TEST_TARGET_NAME = Labb3TodoList;
			};
			name = Release;
		};
/* End XCBuildConfiguration section */

/* Begin XCConfigurationList section */
		8E31394623D5D94900552D50 /* Build configuration list for PBXProject "Labb3TodoList" */ = {
			isa = XCConfigurationList;
			buildConfigurations = (
				8E31397823D5D94D00552D50 /* Debug */,
				8E31397923D5D94D00552D50 /* Release */,
			);
			defaultConfigurationIsVisible = 0;
			defaultConfigurationName = Release;
		};
		8E31397A23D5D94D00552D50 /* Build configuration list for PBXNativeTarget "Labb3TodoList" */ = {
			isa = XCConfigurationList;
			buildConfigurations = (
				8E31397B23D5D94D00552D50 /* Debug */,
				8E31397C23D5D94D00552D50 /* Release */,
			);
			defaultConfigurationIsVisible = 0;
			defaultConfigurationName = Release;
		};
		8E31397D23D5D94D00552D50 /* Build configuration list for PBXNativeTarget "Labb3TodoListTests" */ = {
			isa = XCConfigurationList;
			buildConfigurations = (
				8E31397E23D5D94D00552D50 /* Debug */,
				8E31397F23D5D94D00552D50 /* Release */,
			);
			defaultConfigurationIsVisible = 0;
			defaultConfigurationName = Release;
		};
		8E31398023D5D94D00552D50 /* Build configuration list for PBXNativeTarget "Labb3TodoListUITests" */ = {
			isa = XCConfigurationList;
			buildConfigurations = (
				8E31398123D5D94D00552D50 /* Debug */,
				8E31398223D5D94D00552D50 /* Release */,
			);
			defaultConfigurationIsVisible = 0;
			defaultConfigurationName = Release;
		};
/* End XCConfigurationList section */
	};
	rootObject = 8E31394323D5D94900552D50 /* Project object */;
}
